// !$*UTF8*$!
{
	archiveVersion = 1;
	classes = {
	};
	objectVersion = 56;
	objects = {

/* Begin PBXBuildFile section */
		111111111111111111111101 /* NutriScanApp.swift in Sources */ = {isa = PBXBuildFile; fileRef = 111111111111111111111001 /* NutriScanApp.swift */; };
		111111111111111111111102 /* RootView.swift in Sources */ = {isa = PBXBuildFile; fileRef = 111111111111111111111002 /* RootView.swift */; };
		111111111111111111111103 /* ScanModels.swift in Sources */ = {isa = PBXBuildFile; fileRef = 111111111111111111111003 /* ScanModels.swift */; };
		111111111111111111111104 /* CaptureSupport.swift in Sources */ = {isa = PBXBuildFile; fileRef = 111111111111111111111005 /* CaptureSupport.swift */; };
		111111111111111111111105 /* NutriScanAPI.swift in Sources */ = {isa = PBXBuildFile; fileRef = 111111111111111111111006 /* NutriScanAPI.swift */; };
/* End PBXBuildFile section */

/* Begin PBXFileReference section */
		111111111111111111111001 /* NutriScanApp.swift */ = {isa = PBXFileReference; lastKnownFileType = sourcecode.swift; path = NutriScanApp.swift; sourceTree = "<group>"; };
		111111111111111111111002 /* RootView.swift */ = {isa = PBXFileReference; lastKnownFileType = sourcecode.swift; path = RootView.swift; sourceTree = "<group>"; };
		111111111111111111111003 /* ScanModels.swift */ = {isa = PBXFileReference; lastKnownFileType = sourcecode.swift; path = ScanModels.swift; sourceTree = "<group>"; };
		111111111111111111111004 /* NutriScan.app */ = {isa = PBXFileReference; explicitFileType = wrapper.application; includeInIndex = 0; path = NutriScan.app; sourceTree = BUILT_PRODUCTS_DIR; };
		111111111111111111111005 /* CaptureSupport.swift */ = {isa = PBXFileReference; lastKnownFileType = sourcecode.swift; path = CaptureSupport.swift; sourceTree = "<group>"; };
		111111111111111111111006 /* NutriScanAPI.swift */ = {isa = PBXFileReference; lastKnownFileType = sourcecode.swift; path = NutriScanAPI.swift; sourceTree = "<group>"; };
/* End PBXFileReference section */

/* Begin PBXFrameworksBuildPhase section */
		111111111111111111111201 /* Frameworks */ = {
			isa = PBXFrameworksBuildPhase;
			buildActionMask = 2147483647;
			files = (
			);
			runOnlyForDeploymentPostprocessing = 0;
		};
/* End PBXFrameworksBuildPhase section */

/* Begin PBXGroup section */
		111111111111111111111301 = {
			isa = PBXGroup;
			children = (
				111111111111111111111302 /* NutriScan */,
				111111111111111111111303 /* Products */,
			);
			sourceTree = "<group>";
		};
		111111111111111111111302 /* NutriScan */ = {
			isa = PBXGroup;
			children = (
				111111111111111111111001 /* NutriScanApp.swift */,
				111111111111111111111002 /* RootView.swift */,
				111111111111111111111003 /* ScanModels.swift */,
				111111111111111111111005 /* CaptureSupport.swift */,
				111111111111111111111006 /* NutriScanAPI.swift */,
			);
			path = NutriScan;
			sourceTree = "<group>";
		};
		111111111111111111111303 /* Products */ = {
			isa = PBXGroup;
			children = (
				111111111111111111111004 /* NutriScan.app */,
			);
			name = Products;
			sourceTree = "<group>";
		};
/* End PBXGroup section */

/* Begin PBXNativeTarget section */
		111111111111111111111401 /* NutriScan */ = {
			isa = PBXNativeTarget;
			buildConfigurationList = 111111111111111111111701 /* Build configuration list for PBXNativeTarget "NutriScan" */;
			buildPhases = (
				111111111111111111111501 /* Sources */,
				111111111111111111111201 /* Frameworks */,
				111111111111111111111502 /* Resources */,
			);
			buildRules = (
			);
			dependencies = (
			);
			name = NutriScan;
			productName = NutriScan;
			productReference = 111111111111111111111004 /* NutriScan.app */;
			productType = "com.apple.product-type.application";
		};
/* End PBXNativeTarget section */

/* Begin PBXProject section */
		111111111111111111111601 /* Project object */ = {
			isa = PBXProject;
			attributes = {
				BuildIndependentTargetsInParallel = 1;
				LastSwiftUpdateCheck = 1600;
				LastUpgradeCheck = 1600;
				TargetAttributes = {
					111111111111111111111401 = {
						CreatedOnToolsVersion = 16.0;
					};
				};
			};
			buildConfigurationList = 111111111111111111111702 /* Build configuration list for PBXProject "NutriScan" */;
			compatibilityVersion = "Xcode 14.0";
			developmentRegion = en;
			hasScannedForEncodings = 0;
			knownRegions = (
				en,
				Base,
			);
			mainGroup = 111111111111111111111301;
			productRefGroup = 111111111111111111111303 /* Products */;
			projectDirPath = "";
			projectRoot = "";
			targets = (
				111111111111111111111401 /* NutriScan */,
			);
		};
/* End PBXProject section */

/* Begin PBXResourcesBuildPhase section */
		111111111111111111111502 /* Resources */ = {
			isa = PBXResourcesBuildPhase;
			buildActionMask = 2147483647;
			files = (
			);
			runOnlyForDeploymentPostprocessing = 0;
		};
/* End PBXResourcesBuildPhase section */

/* Begin PBXSourcesBuildPhase section */
		111111111111111111111501 /* Sources */ = {
			isa = PBXSourcesBuildPhase;
			buildActionMask = 2147483647;
			files = (
				111111111111111111111101 /* NutriScanApp.swift in Sources */,
				111111111111111111111102 /* RootView.swift in Sources */,
				111111111111111111111103 /* ScanModels.swift in Sources */,
				111111111111111111111104 /* CaptureSupport.swift in Sources */,
				111111111111111111111105 /* NutriScanAPI.swift in Sources */,
			);
			runOnlyForDeploymentPostprocessing = 0;
		};
/* End PBXSourcesBuildPhase section */

/* Begin XCBuildConfiguration section */
		111111111111111111111801 /* Debug */ = {
			isa = XCBuildConfiguration;
			buildSettings = {
				ALWAYS_SEARCH_USER_PATHS = NO;
				CLANG_ENABLE_MODULES = YES;
				CLANG_ENABLE_OBJC_ARC = YES;
				COPY_PHASE_STRIP = NO;
				DEBUG_INFORMATION_FORMAT = dwarf;
				ENABLE_STRICT_OBJC_MSGSEND = YES;
				ENABLE_TESTABILITY = YES;
				GCC_C_LANGUAGE_STANDARD = gnu17;
				GCC_DYNAMIC_NO_PIC = NO;
				GCC_NO_COMMON_BLOCKS = YES;
				GCC_OPTIMIZATION_LEVEL = 0;
				GCC_PREPROCESSOR_DEFINITIONS = (
					"DEBUG=1",
					"$(inherited)",
				);
				IPHONEOS_DEPLOYMENT_TARGET = 17.0;
				MTL_ENABLE_DEBUG_INFO = INCLUDE_SOURCE;
				SDKROOT = iphoneos;
				SWIFT_ACTIVE_COMPILATION_CONDITIONS = DEBUG;
				SWIFT_OPTIMIZATION_LEVEL = "-Onone";
			};
			name = Debug;
		};
		111111111111111111111802 /* Release */ = {
			isa = XCBuildConfiguration;
			buildSettings = {
				ALWAYS_SEARCH_USER_PATHS = NO;
				CLANG_ENABLE_MODULES = YES;
				CLANG_ENABLE_OBJC_ARC = YES;
				COPY_PHASE_STRIP = NO;
				DEBUG_INFORMATION_FORMAT = "dwarf-with-dsym";
				ENABLE_NS_ASSERTIONS = NO;
				ENABLE_STRICT_OBJC_MSGSEND = YES;
				GCC_C_LANGUAGE_STANDARD = gnu17;
				GCC_NO_COMMON_BLOCKS = YES;
				IPHONEOS_DEPLOYMENT_TARGET = 17.0;
				MTL_ENABLE_DEBUG_INFO = NO;
				SDKROOT = iphoneos;
				SWIFT_COMPILATION_MODE = wholemodule;
				VALIDATE_PRODUCT = YES;
			};
			name = Release;
		};
		111111111111111111111803 /* Debug */ = {
			isa = XCBuildConfiguration;
			buildSettings = {
				ASSETCATALOG_COMPILER_GLOBAL_ACCENT_COLOR_NAME = AccentColor;
				CODE_SIGN_STYLE = Automatic;
				CURRENT_PROJECT_VERSION = 1;
				DEVELOPMENT_TEAM = "";
				GENERATE_INFOPLIST_FILE = YES;
				INFOPLIST_KEY_CFBundleDisplayName = NutriScan;
				INFOPLIST_KEY_NSCameraUsageDescription = "NutriScan uses the camera to capture label text for on-device OCR.";
				INFOPLIST_KEY_NSPhotoLibraryUsageDescription = "NutriScan lets you choose label photos for on-device OCR.";
				INFOPLIST_KEY_UILaunchScreen_Generation = YES;
				IPHONEOS_DEPLOYMENT_TARGET = 17.0;
				MARKETING_VERSION = 0.1.0;
				PRODUCT_BUNDLE_IDENTIFIER = com.pallavk.NutriScan;
				PRODUCT_NAME = "$(TARGET_NAME)";
				SWIFT_EMIT_LOC_STRINGS = YES;
				SWIFT_VERSION = 5.0;
				TARGETED_DEVICE_FAMILY = 1;
			};
			name = Debug;
		};
		111111111111111111111804 /* Release */ = {
			isa = XCBuildConfiguration;
			buildSettings = {
				ASSETCATALOG_COMPILER_GLOBAL_ACCENT_COLOR_NAME = AccentColor;
				CODE_SIGN_STYLE = Automatic;
				CURRENT_PROJECT_VERSION = 1;
				DEVELOPMENT_TEAM = "";
				GENERATE_INFOPLIST_FILE = YES;
				INFOPLIST_KEY_CFBundleDisplayName = NutriScan;
				INFOPLIST_KEY_NSCameraUsageDescription = "NutriScan uses the camera to capture label text for on-device OCR.";
				INFOPLIST_KEY_NSPhotoLibraryUsageDescription = "NutriScan lets you choose label photos for on-device OCR.";
				INFOPLIST_KEY_UILaunchScreen_Generation = YES;
				IPHONEOS_DEPLOYMENT_TARGET = 17.0;
				MARKETING_VERSION = 0.1.0;
				PRODUCT_BUNDLE_IDENTIFIER = com.pallavk.NutriScan;
				PRODUCT_NAME = "$(TARGET_NAME)";
				SWIFT_EMIT_LOC_STRINGS = YES;
				SWIFT_VERSION = 5.0;
				TARGETED_DEVICE_FAMILY = 1;
			};
			name = Release;
		};
/* End XCBuildConfiguration section */

/* Begin XCConfigurationList section */
		111111111111111111111701 /* Build configuration list for PBXNativeTarget "NutriScan" */ = {
			isa = XCConfigurationList;
			buildConfigurations = (
				111111111111111111111803 /* Debug */,
				111111111111111111111804 /* Release */,
			);
			defaultConfigurationIsVisible = 0;
			defaultConfigurationName = Release;
		};
		111111111111111111111702 /* Build configuration list for PBXProject "NutriScan" */ = {
			isa = XCConfigurationList;
			buildConfigurations = (
				111111111111111111111801 /* Debug */,
				111111111111111111111802 /* Release */,
			);
			defaultConfigurationIsVisible = 0;
			defaultConfigurationName = Release;
		};
/* End XCConfigurationList section */
	};
	rootObject = 111111111111111111111601 /* Project object */;
}
